
Microsoft Visual Studio Solution File, Format Version 11.00
# Visual Studio 2010
Project("{8BC9CEB8-8B4A-11D0-8D11-00A0C91BC942}") = "Math2", "Math2\Math2.vcxproj", "{93603A87-6AA8-41B9-A99A-DAD40B1BAD90}"
EndProject
Project("{8BC9CEB8-8B4A-11D0-8D11-00A0C91BC942}") = "MathClient", "MathClient\MathClient.vcxproj", "{B5DF7409-D102-4177-98B3-80B1605BEC36}"
EndProject
Global
	GlobalSection(SolutionConfigurationPlatforms) = preSolution
		Debug|Win32 = Debug|Win32
		Release|Win32 = Release|Win32
	EndGlobalSection
	GlobalSection(ProjectConfigurationPlatforms) = postSolution
		{93603A87-6AA8-41B9-A99A-DAD40B1BAD90}.Debug|Win32.ActiveCfg = Debug|Win32
		{93603A87-6AA8-41B9-A99A-DAD40B1BAD90}.Debug|Win32.Build.0 = Debug|Win32
		{93603A87-6AA8-41B9-A99A-DAD40B1BAD90}.Release|Win32.ActiveCfg = Release|Win32
		{93603A87-6AA8-41B9-A99A-DAD40B1BAD90}.Release|Win32.Build.0 = Release|Win32
		{B5DF7409-D102-4177-98B3-80B1605BEC36}.Debug|Win32.ActiveCfg = Debug|Win32
		{B5DF7409-D102-4177-98B3-80B1605BEC36}.Debug|Win32.Build.0 = Debug|Win32
		{B5DF7409-D102-4177-98B3-80B1605BEC36}.Release|Win32.ActiveCfg = Release|Win32
		{B5DF7409-D102-4177-98B3-80B1605BEC36}.Release|Win32.Build.0 = Release|Win32
	EndGlobalSection
	GlobalSection(SolutionProperties) = preSolution
		HideSolutionNode = FALSE
	EndGlobalSection
EndGlobal
